
Microsoft Visual Studio Solution File, Format Version 12.00
# Visual Studio Version 17
VisualStudioVersion = 17.4.33205.214
MinimumVisualStudioVersion = 10.0.40219.1
Project("{8BC9CEB8-8B4A-11D0-8D11-00A0C91BC942}") = "IDA_Class_Work_OOP_15_Inheritance", "IDA_Class_Work_OOP_15_Inheritance\IDA_Class_Work_OOP_15_Inheritance.vcxproj", "{AFA6FBB7-AADE-4373-BABD-1B851D9CE846}"
EndProject
Global
	GlobalSection(SolutionConfigurationPlatforms) = preSolution
		Debug|x64 = Debug|x64
		Debug|x86 = Debug|x86
		Release|x64 = Release|x64
		Release|x86 = Release|x86
	EndGlobalSection
	GlobalSection(ProjectConfigurationPlatforms) = postSolution
		{AFA6FBB7-AADE-4373-BABD-1B851D9CE846}.Debug|x64.ActiveCfg = Debug|x64
		{AFA6FBB7-AADE-4373-BABD-1B851D9CE846}.Debug|x64.Build.0 = Debug|x64
		{AFA6FBB7-AADE-4373-BABD-1B851D9CE846}.Debug|x86.ActiveCfg = Debug|Win32
		{AFA6FBB7-AADE-4373-BABD-1B851D9CE846}.Debug|x86.Build.0 = Debug|Win32
		{AFA6FBB7-AADE-4373-BABD-1B851D9CE846}.Release|x64.ActiveCfg = Release|x64
		{AFA6FBB7-AADE-4373-BABD-1B851D9CE846}.Release|x64.Build.0 = Release|x64
		{AFA6FBB7-AADE-4373-BABD-1B851D9CE846}.Release|x86.ActiveCfg = Release|Win32
		{AFA6FBB7-AADE-4373-BABD-1B851D9CE846}.Release|x86.Build.0 = Release|Win32
	EndGlobalSection
	GlobalSection(SolutionProperties) = preSolution
		HideSolutionNode = FALSE
	EndGlobalSection
	GlobalSection(ExtensibilityGlobals) = postSolution
		SolutionGuid = {E310AC23-5097-4DC3-8E99-F7BC4CDEB73C}
	EndGlobalSection
EndGlobal
